
Microsoft Visual Studio Solution File, Format Version 12.00
# Visual Studio Version 16
VisualStudioVersion = 16.0.29905.134
MinimumVisualStudioVersion = 10.0.40219.1
Project("{FAE04EC0-301F-11D3-BF4B-00C04F79EFBC}") = "Calcuator", "Calcuator\Calcuator.csproj", "{B7B0D516-AA73-4306-8D8F-8593E537B00E}"
EndProject
Global
	GlobalSection(SolutionConfigurationPlatforms) = preSolution
		Debug|Any CPU = Debug|Any CPU
		Release|Any CPU = Release|Any CPU
	EndGlobalSection
	GlobalSection(ProjectConfigurationPlatforms) = postSolution
		{B7B0D516-AA73-4306-8D8F-8593E537B00E}.Debug|Any CPU.ActiveCfg = Debug|Any CPU
		{B7B0D516-AA73-4306-8D8F-8593E537B00E}.Debug|Any CPU.Build.0 = Debug|Any CPU
		{B7B0D516-AA73-4306-8D8F-8593E537B00E}.Release|Any CPU.ActiveCfg = Release|Any CPU
		{B7B0D516-AA73-4306-8D8F-8593E537B00E}.Release|Any CPU.Build.0 = Release|Any CPU
	EndGlobalSection
	GlobalSection(SolutionProperties) = preSolution
		HideSolutionNode = FALSE
	EndGlobalSection
	GlobalSection(ExtensibilityGlobals) = postSolution
		SolutionGuid = {DFD500CB-AD88-46D3-B459-975AFE92A4BB}
	EndGlobalSection
EndGlobal
